
Microsoft Visual Studio Solution File, Format Version 12.00
# Visual Studio 15
VisualStudioVersion = 15.0.26124.0
MinimumVisualStudioVersion = 15.0.26124.0
Project("{2150E333-8FDC-42A3-9474-1A3956D46DE8}") = "src", "src", "{79C3EDD7-543E-4669-A3C6-5D07067D7555}"
EndProject
Project("{FAE04EC0-301F-11D3-BF4B-00C04F79EFBC}") = "TrelloTasker.api", "src\TrelloTasker.Api\TrelloTasker.api.csproj", "{2DD33AE0-93E3-4374-B30D-D759FD8F4764}"
EndProject
Project("{FAE04EC0-301F-11D3-BF4B-00C04F79EFBC}") = "TrelloTasker.Application", "src\TrelloTasker.Application\TrelloTasker.Application.csproj", "{BDCCFDAC-125B-46BF-8CC1-53D69D812785}"
EndProject
Project("{FAE04EC0-301F-11D3-BF4B-00C04F79EFBC}") = "TrelloTasker.Model", "src\TrelloTasker.Model\TrelloTasker.Model.csproj", "{B69DA49E-C7D2-4E2E-AC03-A812822FAE99}"
EndProject
Global
	GlobalSection(SolutionConfigurationPlatforms) = preSolution
		Debug|Any CPU = Debug|Any CPU
		Debug|x64 = Debug|x64
		Debug|x86 = Debug|x86
		Release|Any CPU = Release|Any CPU
		Release|x64 = Release|x64
		Release|x86 = Release|x86
	EndGlobalSection
	GlobalSection(SolutionProperties) = preSolution
		HideSolutionNode = FALSE
	EndGlobalSection
	GlobalSection(ProjectConfigurationPlatforms) = postSolution
		{2DD33AE0-93E3-4374-B30D-D759FD8F4764}.Debug|Any CPU.ActiveCfg = Debug|Any CPU
		{2DD33AE0-93E3-4374-B30D-D759FD8F4764}.Debug|Any CPU.Build.0 = Debug|Any CPU
		{2DD33AE0-93E3-4374-B30D-D759FD8F4764}.Debug|x64.ActiveCfg = Debug|Any CPU
		{2DD33AE0-93E3-4374-B30D-D759FD8F4764}.Debug|x64.Build.0 = Debug|Any CPU
		{2DD33AE0-93E3-4374-B30D-D759FD8F4764}.Debug|x86.ActiveCfg = Debug|Any CPU
		{2DD33AE0-93E3-4374-B30D-D759FD8F4764}.Debug|x86.Build.0 = Debug|Any CPU
		{2DD33AE0-93E3-4374-B30D-D759FD8F4764}.Release|Any CPU.ActiveCfg = Release|Any CPU
		{2DD33AE0-93E3-4374-B30D-D759FD8F4764}.Release|Any CPU.Build.0 = Release|Any CPU
		{2DD33AE0-93E3-4374-B30D-D759FD8F4764}.Release|x64.ActiveCfg = Release|Any CPU
		{2DD33AE0-93E3-4374-B30D-D759FD8F4764}.Release|x64.Build.0 = Release|Any CPU
		{2DD33AE0-93E3-4374-B30D-D759FD8F4764}.Release|x86.ActiveCfg = Release|Any CPU
		{2DD33AE0-93E3-4374-B30D-D759FD8F4764}.Release|x86.Build.0 = Release|Any CPU
		{BDCCFDAC-125B-46BF-8CC1-53D69D812785}.Debug|Any CPU.ActiveCfg = Debug|Any CPU
		{BDCCFDAC-125B-46BF-8CC1-53D69D812785}.Debug|Any CPU.Build.0 = Debug|Any CPU
		{BDCCFDAC-125B-46BF-8CC1-53D69D812785}.Debug|x64.ActiveCfg = Debug|Any CPU
		{BDCCFDAC-125B-46BF-8CC1-53D69D812785}.Debug|x64.Build.0 = Debug|Any CPU
		{BDCCFDAC-125B-46BF-8CC1-53D69D812785}.Debug|x86.ActiveCfg = Debug|Any CPU
		{BDCCFDAC-125B-46BF-8CC1-53D69D812785}.Debug|x86.Build.0 = Debug|Any CPU
		{BDCCFDAC-125B-46BF-8CC1-53D69D812785}.Release|Any CPU.ActiveCfg = Release|Any CPU
		{BDCCFDAC-125B-46BF-8CC1-53D69D812785}.Release|Any CPU.Build.0 = Release|Any CPU
		{BDCCFDAC-125B-46BF-8CC1-53D69D812785}.Release|x64.ActiveCfg = Release|Any CPU
		{BDCCFDAC-125B-46BF-8CC1-53D69D812785}.Release|x64.Build.0 = Release|Any CPU
		{BDCCFDAC-125B-46BF-8CC1-53D69D812785}.Release|x86.ActiveCfg = Release|Any CPU
		{BDCCFDAC-125B-46BF-8CC1-53D69D812785}.Release|x86.Build.0 = Release|Any CPU
		{B69DA49E-C7D2-4E2E-AC03-A812822FAE99}.Debug|Any CPU.ActiveCfg = Debug|Any CPU
		{B69DA49E-C7D2-4E2E-AC03-A812822FAE99}.Debug|Any CPU.Build.0 = Debug|Any CPU
		{B69DA49E-C7D2-4E2E-AC03-A812822FAE99}.Debug|x64.ActiveCfg = Debug|Any CPU
		{B69DA49E-C7D2-4E2E-AC03-A812822FAE99}.Debug|x64.Build.0 = Debug|Any CPU
		{B69DA49E-C7D2-4E2E-AC03-A812822FAE99}.Debug|x86.ActiveCfg = Debug|Any CPU
		{B69DA49E-C7D2-4E2E-AC03-A812822FAE99}.Debug|x86.Build.0 = Debug|Any CPU
		{B69DA49E-C7D2-4E2E-AC03-A812822FAE99}.Release|Any CPU.ActiveCfg = Release|Any CPU
		{B69DA49E-C7D2-4E2E-AC03-A812822FAE99}.Release|Any CPU.Build.0 = Release|Any CPU
		{B69DA49E-C7D2-4E2E-AC03-A812822FAE99}.Release|x64.ActiveCfg = Release|Any CPU
		{B69DA49E-C7D2-4E2E-AC03-A812822FAE99}.Release|x64.Build.0 = Release|Any CPU
		{B69DA49E-C7D2-4E2E-AC03-A812822FAE99}.Release|x86.ActiveCfg = Release|Any CPU
		{B69DA49E-C7D2-4E2E-AC03-A812822FAE99}.Release|x86.Build.0 = Release|Any CPU
	EndGlobalSection
	GlobalSection(NestedProjects) = preSolution
		{2DD33AE0-93E3-4374-B30D-D759FD8F4764} = {79C3EDD7-543E-4669-A3C6-5D07067D7555}
		{BDCCFDAC-125B-46BF-8CC1-53D69D812785} = {79C3EDD7-543E-4669-A3C6-5D07067D7555}
		{B69DA49E-C7D2-4E2E-AC03-A812822FAE99} = {79C3EDD7-543E-4669-A3C6-5D07067D7555}
	EndGlobalSection
EndGlobal
